// !$*UTF8*$!
{
	archiveVersion = 1;
	classes = {
	};
	objectVersion = 51;
	objects = {

/* Begin PBXBuildFile section */
		3E37999A248963EB00DC0487 /* ArtistCell.swift in Sources */ = {isa = PBXBuildFile; fileRef = 3E379999248963EB00DC0487 /* ArtistCell.swift */; };
		3E43F438247D7B8600CC0584 /* AppDelegate.swift in Sources */ = {isa = PBXBuildFile; fileRef = 3E43F437247D7B8600CC0584 /* AppDelegate.swift */; };
		3E43F43A247D7B8600CC0584 /* SceneDelegate.swift in Sources */ = {isa = PBXBuildFile; fileRef = 3E43F439247D7B8600CC0584 /* SceneDelegate.swift */; };
		3E43F43C247D7B8600CC0584 /* ExploreViewController.swift in Sources */ = {isa = PBXBuildFile; fileRef = 3E43F43B247D7B8600CC0584 /* ExploreViewController.swift */; };
		3E43F441247D7B8D00CC0584 /* Assets.xcassets in Resources */ = {isa = PBXBuildFile; fileRef = 3E43F440247D7B8D00CC0584 /* Assets.xcassets */; };
		3E43F444247D7B8D00CC0584 /* LaunchScreen.storyboard in Resources */ = {isa = PBXBuildFile; fileRef = 3E43F442247D7B8D00CC0584 /* LaunchScreen.storyboard */; };
		3E43F44F247D7B8D00CC0584 /* InTuneTests.swift in Sources */ = {isa = PBXBuildFile; fileRef = 3E43F44E247D7B8D00CC0584 /* InTuneTests.swift */; };
		3E43F45B247E83DE00CC0584 /* LoginViewController.swift in Sources */ = {isa = PBXBuildFile; fileRef = 3E43F45A247E83DE00CC0584 /* LoginViewController.swift */; };
		3E43F45D247E844B00CC0584 /* GigViewController.swift in Sources */ = {isa = PBXBuildFile; fileRef = 3E43F45C247E844B00CC0584 /* GigViewController.swift */; };
		3E43F45F247E846400CC0584 /* ProfileViewController.swift in Sources */ = {isa = PBXBuildFile; fileRef = 3E43F45E247E846400CC0584 /* ProfileViewController.swift */; };
		3E43F461247E849700CC0584 /* EditProfController.swift in Sources */ = {isa = PBXBuildFile; fileRef = 3E43F460247E849700CC0584 /* EditProfController.swift */; };
		3E43F463247E84DA00CC0584 /* MainViewTabBarController.swift in Sources */ = {isa = PBXBuildFile; fileRef = 3E43F462247E84DA00CC0584 /* MainViewTabBarController.swift */; };
		3E43F466247E857900CC0584 /* EmptyView.swift in Sources */ = {isa = PBXBuildFile; fileRef = 3E43F465247E857900CC0584 /* EmptyView.swift */; };
		3E43F468247E8DD100CC0584 /* AuthentificationService.swift in Sources */ = {isa = PBXBuildFile; fileRef = 3E43F467247E8DD100CC0584 /* AuthentificationService.swift */; };
		3E43F46A247E8DE800CC0584 /* DatabaseService.swift in Sources */ = {isa = PBXBuildFile; fileRef = 3E43F469247E8DE800CC0584 /* DatabaseService.swift */; };
		3E43F46E247E8EA200CC0584 /* MainView.storyboard in Resources */ = {isa = PBXBuildFile; fileRef = 3E43F46D247E8EA200CC0584 /* MainView.storyboard */; };
		3E43F470247E8F6400CC0584 /* LoginView.storyboard in Resources */ = {isa = PBXBuildFile; fileRef = 3E43F46F247E8F6400CC0584 /* LoginView.storyboard */; };
		3E43F472247E8FAE00CC0584 /* OnboardingViewController.swift in Sources */ = {isa = PBXBuildFile; fileRef = 3E43F471247E8FAE00CC0584 /* OnboardingViewController.swift */; };
		3E43F475247E909A00CC0584 /* ShowAlert.swift in Sources */ = {isa = PBXBuildFile; fileRef = 3E43F474247E909A00CC0584 /* ShowAlert.swift */; };
		3E43F477247E90B700CC0584 /* DateFormatter.swift in Sources */ = {isa = PBXBuildFile; fileRef = 3E43F476247E90B700CC0584 /* DateFormatter.swift */; };
		3E43F479247E90CA00CC0584 /* Navigation.swift in Sources */ = {isa = PBXBuildFile; fileRef = 3E43F478247E90CA00CC0584 /* Navigation.swift */; };
		3E43F47F247E97FF00CC0584 /* Artist.swift in Sources */ = {isa = PBXBuildFile; fileRef = 3E43F47E247E97FF00CC0584 /* Artist.swift */; };
		3E43F483247E983300CC0584 /* FavoriteArtist.swift in Sources */ = {isa = PBXBuildFile; fileRef = 3E43F482247E983300CC0584 /* FavoriteArtist.swift */; };
		3E43F485247E985700CC0584 /* LoginViewViewModel.swift in Sources */ = {isa = PBXBuildFile; fileRef = 3E43F484247E985700CC0584 /* LoginViewViewModel.swift */; };
		3E43F487247E999A00CC0584 /* Comment.swift in Sources */ = {isa = PBXBuildFile; fileRef = 3E43F486247E999900CC0584 /* Comment.swift */; };
		3E43F489247E99B000CC0584 /* Review.swift in Sources */ = {isa = PBXBuildFile; fileRef = 3E43F488247E99B000CC0584 /* Review.swift */; };
		3E43F48B247E9A7C00CC0584 /* Posts.swift in Sources */ = {isa = PBXBuildFile; fileRef = 3E43F48A247E9A7C00CC0584 /* Posts.swift */; };
		3E43F48D247E9AF800CC0584 /* LikedArtistView.swift in Sources */ = {isa = PBXBuildFile; fileRef = 3E43F48C247E9AF800CC0584 /* LikedArtistView.swift */; };
		3E43F491247E9B2400CC0584 /* LikedArtistsViewController.swift in Sources */ = {isa = PBXBuildFile; fileRef = 3E43F490247E9B2400CC0584 /* LikedArtistsViewController.swift */; };
		3E43F493247E9B3F00CC0584 /* ExtraController2.swift in Sources */ = {isa = PBXBuildFile; fileRef = 3E43F492247E9B3F00CC0584 /* ExtraController2.swift */; };
		3E754302248EF06100383D02 /* TagCollectionViewCell.xib in Resources */ = {isa = PBXBuildFile; fileRef = 3E754301248EF06100383D02 /* TagCollectionViewCell.xib */; };
		3E754304248FD0C600383D02 /* UserExperienceView.swift in Sources */ = {isa = PBXBuildFile; fileRef = 3E754303248FD0C600383D02 /* UserExperienceView.swift */; };
		3E75433B2490027500383D02 /* OnboardingView.storyboard in Resources */ = {isa = PBXBuildFile; fileRef = 3E75433A2490027500383D02 /* OnboardingView.storyboard */; };
		3E75433D24900C1300383D02 /* DisplayNameAndLocationView.swift in Sources */ = {isa = PBXBuildFile; fileRef = 3E75433C24900C1300383D02 /* DisplayNameAndLocationView.swift */; };
		3E7C53D5248AC614001974DB /* TagsInfoModels.swift in Sources */ = {isa = PBXBuildFile; fileRef = 3E7C53D4248AC614001974DB /* TagsInfoModels.swift */; };
		3EA7E76F24888FD50092C03B /* ArtistCell.xib in Resources */ = {isa = PBXBuildFile; fileRef = 3EA7E76E24888FD50092C03B /* ArtistCell.xib */; };
		3EE738FE2481A91800C4C9D3 /* FirebaseAuthenticationTests.swift in Sources */ = {isa = PBXBuildFile; fileRef = 3EE738FD2481A91800C4C9D3 /* FirebaseAuthenticationTests.swift */; };
		3EE739022481C10B00C4C9D3 /* GoogleService-Info.plist in Resources */ = {isa = PBXBuildFile; fileRef = 3EE739012481C10B00C4C9D3 /* GoogleService-Info.plist */; };
		800D8998248843C300C3FB67 /* ChatsCell.xib in Resources */ = {isa = PBXBuildFile; fileRef = 800D8997248843C300C3FB67 /* ChatsCell.xib */; };
		800D899A248843F500C3FB67 /* ChatsCell.swift in Sources */ = {isa = PBXBuildFile; fileRef = 800D8999248843F500C3FB67 /* ChatsCell.swift */; };
		80135C7E248026210038A0CC /* PostCell.xib in Resources */ = {isa = PBXBuildFile; fileRef = 80135C7D248026210038A0CC /* PostCell.xib */; };
		80135C80248027630038A0CC /* PostCell.swift in Sources */ = {isa = PBXBuildFile; fileRef = 80135C7F248027630038A0CC /* PostCell.swift */; };
		80135C8224805C0F0038A0CC /* StorageService.swift in Sources */ = {isa = PBXBuildFile; fileRef = 80135C8124805C0F0038A0CC /* StorageService.swift */; };
		80142DAF248AB85F002C928C /* ExploreView.storyboard in Resources */ = {isa = PBXBuildFile; fileRef = 80142DAE248AB85F002C928C /* ExploreView.storyboard */; };
		80142DB1248ABB6C002C928C /* ExploreArtistCell.swift in Sources */ = {isa = PBXBuildFile; fileRef = 80142DB0248ABB6C002C928C /* ExploreArtistCell.swift */; };
		80C375B524819DE600152996 /* Designable.swift in Sources */ = {isa = PBXBuildFile; fileRef = 80C375B424819DE600152996 /* Designable.swift */; };
		80C375B724819E3F00152996 /* TagCollectionViewCell.swift in Sources */ = {isa = PBXBuildFile; fileRef = 80C375B624819E3F00152996 /* TagCollectionViewCell.swift */; };
		80D58F7F248AE44F005392A0 /* FeaturedArtist.xib in Resources */ = {isa = PBXBuildFile; fileRef = 80D58F7E248AE44F005392A0 /* FeaturedArtist.xib */; };
		80D58F81248AE7E8005392A0 /* FeaturedArtistCell.swift in Sources */ = {isa = PBXBuildFile; fileRef = 80D58F80248AE7E8005392A0 /* FeaturedArtistCell.swift */; };
		80E3D260248EC649002F3FA7 /* PostCollectionViewDelegate.swift in Sources */ = {isa = PBXBuildFile; fileRef = 80E3D25F248EC649002F3FA7 /* PostCollectionViewDelegate.swift */; };
		BEDF3FC9248533B000D22E2D /* MessageView.storyboard in Resources */ = {isa = PBXBuildFile; fileRef = BEDF3FC8248533B000D22E2D /* MessageView.storyboard */; };
		BEDF3FCB248533D400D22E2D /* ChatsViewController.swift in Sources */ = {isa = PBXBuildFile; fileRef = BEDF3FCA248533D400D22E2D /* ChatsViewController.swift */; };
		BEDF3FCD2485349A00D22E2D /* Chat.swift in Sources */ = {isa = PBXBuildFile; fileRef = BEDF3FCC2485349A00D22E2D /* Chat.swift */; };
		BEDF3FCF248534A600D22E2D /* Message.swift in Sources */ = {isa = PBXBuildFile; fileRef = BEDF3FCE248534A600D22E2D /* Message.swift */; };
		BEDF3FD12485354B00D22E2D /* ChatViewController.swift in Sources */ = {isa = PBXBuildFile; fileRef = BEDF3FD02485354B00D22E2D /* ChatViewController.swift */; };
		F0587CCABB857784317015A3 /* Pods_InTune.framework in Frameworks */ = {isa = PBXBuildFile; fileRef = 7569B63AC8D4A59DD4C294EF /* Pods_InTune.framework */; };
		F39A5A5FC5ABFD46741A3AEB /* Pods_InTuneTests.framework in Frameworks */ = {isa = PBXBuildFile; fileRef = 34EDB9880DFEB9AE9BDB152F /* Pods_InTuneTests.framework */; };
/* End PBXBuildFile section */

/* Begin PBXContainerItemProxy section */
		3E43F44B247D7B8D00CC0584 /* PBXContainerItemProxy */ = {
			isa = PBXContainerItemProxy;
			containerPortal = 3E43F42C247D7B8500CC0584 /* Project object */;
			proxyType = 1;
			remoteGlobalIDString = 3E43F433247D7B8600CC0584;
			remoteInfo = InTune;
		};
/* End PBXContainerItemProxy section */

/* Begin PBXFileReference section */
		34EDB9880DFEB9AE9BDB152F /* Pods_InTuneTests.framework */ = {isa = PBXFileReference; explicitFileType = wrapper.framework; includeInIndex = 0; path = Pods_InTuneTests.framework; sourceTree = BUILT_PRODUCTS_DIR; };
		360258238F4D075A6CA65630 /* Pods-InTuneTests.release.xcconfig */ = {isa = PBXFileReference; includeInIndex = 1; lastKnownFileType = text.xcconfig; name = "Pods-InTuneTests.release.xcconfig"; path = "Target Support Files/Pods-InTuneTests/Pods-InTuneTests.release.xcconfig"; sourceTree = "<group>"; };
		3E379999248963EB00DC0487 /* ArtistCell.swift */ = {isa = PBXFileReference; lastKnownFileType = sourcecode.swift; path = ArtistCell.swift; sourceTree = "<group>"; };
		3E43F434247D7B8600CC0584 /* InTune.app */ = {isa = PBXFileReference; explicitFileType = wrapper.application; includeInIndex = 0; path = InTune.app; sourceTree = BUILT_PRODUCTS_DIR; };
		3E43F437247D7B8600CC0584 /* AppDelegate.swift */ = {isa = PBXFileReference; lastKnownFileType = sourcecode.swift; path = AppDelegate.swift; sourceTree = "<group>"; };
		3E43F439247D7B8600CC0584 /* SceneDelegate.swift */ = {isa = PBXFileReference; lastKnownFileType = sourcecode.swift; path = SceneDelegate.swift; sourceTree = "<group>"; };
		3E43F43B247D7B8600CC0584 /* ExploreViewController.swift */ = {isa = PBXFileReference; lastKnownFileType = sourcecode.swift; path = ExploreViewController.swift; sourceTree = "<group>"; };
		3E43F440247D7B8D00CC0584 /* Assets.xcassets */ = {isa = PBXFileReference; lastKnownFileType = folder.assetcatalog; path = Assets.xcassets; sourceTree = "<group>"; };
		3E43F443247D7B8D00CC0584 /* Base */ = {isa = PBXFileReference; lastKnownFileType = file.storyboard; name = Base; path = Base.lproj/LaunchScreen.storyboard; sourceTree = "<group>"; };
		3E43F445247D7B8D00CC0584 /* Info.plist */ = {isa = PBXFileReference; lastKnownFileType = text.plist.xml; path = Info.plist; sourceTree = "<group>"; };
		3E43F44A247D7B8D00CC0584 /* InTuneTests.xctest */ = {isa = PBXFileReference; explicitFileType = wrapper.cfbundle; includeInIndex = 0; path = InTuneTests.xctest; sourceTree = BUILT_PRODUCTS_DIR; };
		3E43F44E247D7B8D00CC0584 /* InTuneTests.swift */ = {isa = PBXFileReference; lastKnownFileType = sourcecode.swift; path = InTuneTests.swift; sourceTree = "<group>"; };
		3E43F450247D7B8D00CC0584 /* Info.plist */ = {isa = PBXFileReference; lastKnownFileType = text.plist.xml; path = Info.plist; sourceTree = "<group>"; };
		3E43F45A247E83DE00CC0584 /* LoginViewController.swift */ = {isa = PBXFileReference; lastKnownFileType = sourcecode.swift; path = LoginViewController.swift; sourceTree = "<group>"; };
		3E43F45C247E844B00CC0584 /* GigViewController.swift */ = {isa = PBXFileReference; lastKnownFileType = sourcecode.swift; path = GigViewController.swift; sourceTree = "<group>"; };
		3E43F45E247E846400CC0584 /* ProfileViewController.swift */ = {isa = PBXFileReference; lastKnownFileType = sourcecode.swift; path = ProfileViewController.swift; sourceTree = "<group>"; };
		3E43F460247E849700CC0584 /* EditProfController.swift */ = {isa = PBXFileReference; lastKnownFileType = sourcecode.swift; path = EditProfController.swift; sourceTree = "<group>"; };
		3E43F462247E84DA00CC0584 /* MainViewTabBarController.swift */ = {isa = PBXFileReference; lastKnownFileType = sourcecode.swift; path = MainViewTabBarController.swift; sourceTree = "<group>"; };
		3E43F465247E857900CC0584 /* EmptyView.swift */ = {isa = PBXFileReference; lastKnownFileType = sourcecode.swift; path = EmptyView.swift; sourceTree = "<group>"; };
		3E43F467247E8DD100CC0584 /* AuthentificationService.swift */ = {isa = PBXFileReference; lastKnownFileType = sourcecode.swift; path = AuthentificationService.swift; sourceTree = "<group>"; };
		3E43F469247E8DE800CC0584 /* DatabaseService.swift */ = {isa = PBXFileReference; lastKnownFileType = sourcecode.swift; path = DatabaseService.swift; sourceTree = "<group>"; };
		3E43F46D247E8EA200CC0584 /* MainView.storyboard */ = {isa = PBXFileReference; lastKnownFileType = file.storyboard; path = MainView.storyboard; sourceTree = "<group>"; };
		3E43F46F247E8F6400CC0584 /* LoginView.storyboard */ = {isa = PBXFileReference; lastKnownFileType = file.storyboard; path = LoginView.storyboard; sourceTree = "<group>"; };
		3E43F471247E8FAE00CC0584 /* OnboardingViewController.swift */ = {isa = PBXFileReference; lastKnownFileType = sourcecode.swift; path = OnboardingViewController.swift; sourceTree = "<group>"; };
		3E43F474247E909A00CC0584 /* ShowAlert.swift */ = {isa = PBXFileReference; lastKnownFileType = sourcecode.swift; path = ShowAlert.swift; sourceTree = "<group>"; };
		3E43F476247E90B700CC0584 /* DateFormatter.swift */ = {isa = PBXFileReference; lastKnownFileType = sourcecode.swift; path = DateFormatter.swift; sourceTree = "<group>"; };
		3E43F478247E90CA00CC0584 /* Navigation.swift */ = {isa = PBXFileReference; lastKnownFileType = sourcecode.swift; path = Navigation.swift; sourceTree = "<group>"; };
		3E43F47E247E97FF00CC0584 /* Artist.swift */ = {isa = PBXFileReference; lastKnownFileType = sourcecode.swift; path = Artist.swift; sourceTree = "<group>"; };
		3E43F482247E983300CC0584 /* FavoriteArtist.swift */ = {isa = PBXFileReference; lastKnownFileType = sourcecode.swift; path = FavoriteArtist.swift; sourceTree = "<group>"; };
		3E43F484247E985700CC0584 /* LoginViewViewModel.swift */ = {isa = PBXFileReference; lastKnownFileType = sourcecode.swift; path = LoginViewViewModel.swift; sourceTree = "<group>"; };
		3E43F486247E999900CC0584 /* Comment.swift */ = {isa = PBXFileReference; lastKnownFileType = sourcecode.swift; path = Comment.swift; sourceTree = "<group>"; };
		3E43F488247E99B000CC0584 /* Review.swift */ = {isa = PBXFileReference; lastKnownFileType = sourcecode.swift; path = Review.swift; sourceTree = "<group>"; };
		3E43F48A247E9A7C00CC0584 /* Posts.swift */ = {isa = PBXFileReference; lastKnownFileType = sourcecode.swift; path = Posts.swift; sourceTree = "<group>"; };
		3E43F48C247E9AF800CC0584 /* LikedArtistView.swift */ = {isa = PBXFileReference; lastKnownFileType = sourcecode.swift; path = LikedArtistView.swift; sourceTree = "<group>"; };
		3E43F490247E9B2400CC0584 /* LikedArtistsViewController.swift */ = {isa = PBXFileReference; lastKnownFileType = sourcecode.swift; path = LikedArtistsViewController.swift; sourceTree = "<group>"; };
		3E43F492247E9B3F00CC0584 /* ExtraController2.swift */ = {isa = PBXFileReference; lastKnownFileType = sourcecode.swift; path = ExtraController2.swift; sourceTree = "<group>"; };
		3E754301248EF06100383D02 /* TagCollectionViewCell.xib */ = {isa = PBXFileReference; lastKnownFileType = file.xib; path = TagCollectionViewCell.xib; sourceTree = "<group>"; };
		3E754303248FD0C600383D02 /* UserExperienceView.swift */ = {isa = PBXFileReference; lastKnownFileType = sourcecode.swift; path = UserExperienceView.swift; sourceTree = "<group>"; };
		3E75433A2490027500383D02 /* OnboardingView.storyboard */ = {isa = PBXFileReference; lastKnownFileType = file.storyboard; path = OnboardingView.storyboard; sourceTree = "<group>"; };
		3E75433C24900C1300383D02 /* DisplayNameAndLocationView.swift */ = {isa = PBXFileReference; lastKnownFileType = sourcecode.swift; path = DisplayNameAndLocationView.swift; sourceTree = "<group>"; };
		3E7C53D4248AC614001974DB /* TagsInfoModels.swift */ = {isa = PBXFileReference; lastKnownFileType = sourcecode.swift; path = TagsInfoModels.swift; sourceTree = "<group>"; };
		3EA7E76E24888FD50092C03B /* ArtistCell.xib */ = {isa = PBXFileReference; lastKnownFileType = file.xib; path = ArtistCell.xib; sourceTree = "<group>"; };
		3EE738FD2481A91800C4C9D3 /* FirebaseAuthenticationTests.swift */ = {isa = PBXFileReference; lastKnownFileType = sourcecode.swift; path = FirebaseAuthenticationTests.swift; sourceTree = "<group>"; };
		3EE739012481C10B00C4C9D3 /* GoogleService-Info.plist */ = {isa = PBXFileReference; fileEncoding = 4; lastKnownFileType = text.plist.xml; name = "GoogleService-Info.plist"; path = "../../../../Downloads/GoogleService-Info.plist"; sourceTree = "<group>"; };
		5EDC17E70E02A5BD32363172 /* Pods-InTune.debug.xcconfig */ = {isa = PBXFileReference; includeInIndex = 1; lastKnownFileType = text.xcconfig; name = "Pods-InTune.debug.xcconfig"; path = "Target Support Files/Pods-InTune/Pods-InTune.debug.xcconfig"; sourceTree = "<group>"; };
		7569B63AC8D4A59DD4C294EF /* Pods_InTune.framework */ = {isa = PBXFileReference; explicitFileType = wrapper.framework; includeInIndex = 0; path = Pods_InTune.framework; sourceTree = BUILT_PRODUCTS_DIR; };
		7ECE2C0DAA7CB05F80888C31 /* Pods-InTune.release.xcconfig */ = {isa = PBXFileReference; includeInIndex = 1; lastKnownFileType = text.xcconfig; name = "Pods-InTune.release.xcconfig"; path = "Target Support Files/Pods-InTune/Pods-InTune.release.xcconfig"; sourceTree = "<group>"; };
		800D8997248843C300C3FB67 /* ChatsCell.xib */ = {isa = PBXFileReference; lastKnownFileType = file.xib; path = ChatsCell.xib; sourceTree = "<group>"; };
		800D8999248843F500C3FB67 /* ChatsCell.swift */ = {isa = PBXFileReference; lastKnownFileType = sourcecode.swift; path = ChatsCell.swift; sourceTree = "<group>"; };
		80135C7D248026210038A0CC /* PostCell.xib */ = {isa = PBXFileReference; lastKnownFileType = file.xib; path = PostCell.xib; sourceTree = "<group>"; };
		80135C7F248027630038A0CC /* PostCell.swift */ = {isa = PBXFileReference; lastKnownFileType = sourcecode.swift; path = PostCell.swift; sourceTree = "<group>"; };
		80135C8124805C0F0038A0CC /* StorageService.swift */ = {isa = PBXFileReference; lastKnownFileType = sourcecode.swift; path = StorageService.swift; sourceTree = "<group>"; };
		80142DAE248AB85F002C928C /* ExploreView.storyboard */ = {isa = PBXFileReference; lastKnownFileType = file.storyboard; path = ExploreView.storyboard; sourceTree = "<group>"; };
		80142DB0248ABB6C002C928C /* ExploreArtistCell.swift */ = {isa = PBXFileReference; lastKnownFileType = sourcecode.swift; path = ExploreArtistCell.swift; sourceTree = "<group>"; };
		80C375B424819DE600152996 /* Designable.swift */ = {isa = PBXFileReference; lastKnownFileType = sourcecode.swift; path = Designable.swift; sourceTree = "<group>"; };
		80C375B624819E3F00152996 /* TagCollectionViewCell.swift */ = {isa = PBXFileReference; lastKnownFileType = sourcecode.swift; path = TagCollectionViewCell.swift; sourceTree = "<group>"; };
		80D58F7E248AE44F005392A0 /* FeaturedArtist.xib */ = {isa = PBXFileReference; lastKnownFileType = file.xib; path = FeaturedArtist.xib; sourceTree = "<group>"; };
		80D58F80248AE7E8005392A0 /* FeaturedArtistCell.swift */ = {isa = PBXFileReference; lastKnownFileType = sourcecode.swift; path = FeaturedArtistCell.swift; sourceTree = "<group>"; };
		80E3D25F248EC649002F3FA7 /* PostCollectionViewDelegate.swift */ = {isa = PBXFileReference; lastKnownFileType = sourcecode.swift; path = PostCollectionViewDelegate.swift; sourceTree = "<group>"; };
		9BE6182879AA5607E95E84A9 /* Pods-InTuneTests.debug.xcconfig */ = {isa = PBXFileReference; includeInIndex = 1; lastKnownFileType = text.xcconfig; name = "Pods-InTuneTests.debug.xcconfig"; path = "Target Support Files/Pods-InTuneTests/Pods-InTuneTests.debug.xcconfig"; sourceTree = "<group>"; };
		BEDF3FC8248533B000D22E2D /* MessageView.storyboard */ = {isa = PBXFileReference; lastKnownFileType = file.storyboard; path = MessageView.storyboard; sourceTree = "<group>"; };
		BEDF3FCA248533D400D22E2D /* ChatsViewController.swift */ = {isa = PBXFileReference; lastKnownFileType = sourcecode.swift; path = ChatsViewController.swift; sourceTree = "<group>"; };
		BEDF3FCC2485349A00D22E2D /* Chat.swift */ = {isa = PBXFileReference; lastKnownFileType = sourcecode.swift; path = Chat.swift; sourceTree = "<group>"; };
		BEDF3FCE248534A600D22E2D /* Message.swift */ = {isa = PBXFileReference; lastKnownFileType = sourcecode.swift; path = Message.swift; sourceTree = "<group>"; };
		BEDF3FD02485354B00D22E2D /* ChatViewController.swift */ = {isa = PBXFileReference; lastKnownFileType = sourcecode.swift; path = ChatViewController.swift; sourceTree = "<group>"; };
/* End PBXFileReference section */

/* Begin PBXFrameworksBuildPhase section */
		3E43F431247D7B8600CC0584 /* Frameworks */ = {
			isa = PBXFrameworksBuildPhase;
			buildActionMask = 2147483647;
			files = (
				F0587CCABB857784317015A3 /* Pods_InTune.framework in Frameworks */,
			);
			runOnlyForDeploymentPostprocessing = 0;
		};
		3E43F447247D7B8D00CC0584 /* Frameworks */ = {
			isa = PBXFrameworksBuildPhase;
			buildActionMask = 2147483647;
			files = (
				F39A5A5FC5ABFD46741A3AEB /* Pods_InTuneTests.framework in Frameworks */,
			);
			runOnlyForDeploymentPostprocessing = 0;
		};
/* End PBXFrameworksBuildPhase section */

/* Begin PBXGroup section */
		1DC3522CFBCF3C77D372A79E /* Frameworks */ = {
			isa = PBXGroup;
			children = (
				7569B63AC8D4A59DD4C294EF /* Pods_InTune.framework */,
				34EDB9880DFEB9AE9BDB152F /* Pods_InTuneTests.framework */,
			);
			name = Frameworks;
			sourceTree = "<group>";
		};
		3E43F42B247D7B8500CC0584 = {
			isa = PBXGroup;
			children = (
				3E43F436247D7B8600CC0584 /* InTune */,
				3E43F44D247D7B8D00CC0584 /* InTuneTests */,
				3E43F435247D7B8600CC0584 /* Products */,
				80CFF8D6D99775C527BCAFD7 /* Pods */,
				1DC3522CFBCF3C77D372A79E /* Frameworks */,
			);
			sourceTree = "<group>";
		};
		3E43F435247D7B8600CC0584 /* Products */ = {
			isa = PBXGroup;
			children = (
				3E43F434247D7B8600CC0584 /* InTune.app */,
				3E43F44A247D7B8D00CC0584 /* InTuneTests.xctest */,
			);
			name = Products;
			sourceTree = "<group>";
		};
		3E43F436247D7B8600CC0584 /* InTune */ = {
			isa = PBXGroup;
			children = (
				3E43F46B247E8E0800CC0584 /* FirebaseServices */,
				3E43F47A247E90D800CC0584 /* Extensions */,
				3E43F47D247E97C300CC0584 /* Models */,
				3E43F46C247E8E2300CC0584 /* Views */,
				3E43F473247E8FC900CC0584 /* Storyboards */,
				3E43F464247E850A00CC0584 /* ViewControllers */,
				3E43F459247E83A600CC0584 /* SupportingFiles */,
				3E43F445247D7B8D00CC0584 /* Info.plist */,
				3EE739012481C10B00C4C9D3 /* GoogleService-Info.plist */,
			);
			path = InTune;
			sourceTree = "<group>";
		};
		3E43F44D247D7B8D00CC0584 /* InTuneTests */ = {
			isa = PBXGroup;
			children = (
				3E43F44E247D7B8D00CC0584 /* InTuneTests.swift */,
				3EE738FD2481A91800C4C9D3 /* FirebaseAuthenticationTests.swift */,
				3E43F450247D7B8D00CC0584 /* Info.plist */,
			);
			path = InTuneTests;
			sourceTree = "<group>";
		};
		3E43F459247E83A600CC0584 /* SupportingFiles */ = {
			isa = PBXGroup;
			children = (
				3E43F437247D7B8600CC0584 /* AppDelegate.swift */,
				3E43F439247D7B8600CC0584 /* SceneDelegate.swift */,
				3E43F440247D7B8D00CC0584 /* Assets.xcassets */,
				3E43F442247D7B8D00CC0584 /* LaunchScreen.storyboard */,
			);
			path = SupportingFiles;
			sourceTree = "<group>";
		};
		3E43F464247E850A00CC0584 /* ViewControllers */ = {
			isa = PBXGroup;
			children = (
				3E43F45A247E83DE00CC0584 /* LoginViewController.swift */,
				3E43F462247E84DA00CC0584 /* MainViewTabBarController.swift */,
				3E43F43B247D7B8600CC0584 /* ExploreViewController.swift */,
				3E43F460247E849700CC0584 /* EditProfController.swift */,
				3E43F45E247E846400CC0584 /* ProfileViewController.swift */,
				80E3D25F248EC649002F3FA7 /* PostCollectionViewDelegate.swift */,
				3E43F45C247E844B00CC0584 /* GigViewController.swift */,
				3E43F471247E8FAE00CC0584 /* OnboardingViewController.swift */,
				3E43F490247E9B2400CC0584 /* LikedArtistsViewController.swift */,
				3E43F492247E9B3F00CC0584 /* ExtraController2.swift */,
				BEDF3FCA248533D400D22E2D /* ChatsViewController.swift */,
				BEDF3FD02485354B00D22E2D /* ChatViewController.swift */,
			);
			path = ViewControllers;
			sourceTree = "<group>";
		};
		3E43F46B247E8E0800CC0584 /* FirebaseServices */ = {
			isa = PBXGroup;
			children = (
				3E43F467247E8DD100CC0584 /* AuthentificationService.swift */,
				3E43F469247E8DE800CC0584 /* DatabaseService.swift */,
				80135C8124805C0F0038A0CC /* StorageService.swift */,
			);
			path = FirebaseServices;
			sourceTree = "<group>";
		};
		3E43F46C247E8E2300CC0584 /* Views */ = {
			isa = PBXGroup;
			children = (
				3E43F465247E857900CC0584 /* EmptyView.swift */,
				3E43F48C247E9AF800CC0584 /* LikedArtistView.swift */,
				3E754303248FD0C600383D02 /* UserExperienceView.swift */,
				3E75433C24900C1300383D02 /* DisplayNameAndLocationView.swift */,
				80135C7F248027630038A0CC /* PostCell.swift */,
				80C375B624819E3F00152996 /* TagCollectionViewCell.swift */,
				3E754301248EF06100383D02 /* TagCollectionViewCell.xib */,
				800D8999248843F500C3FB67 /* ChatsCell.swift */,
				80135C7D248026210038A0CC /* PostCell.xib */,
				800D8997248843C300C3FB67 /* ChatsCell.xib */,
				3EA7E76E24888FD50092C03B /* ArtistCell.xib */,
				80D58F80248AE7E8005392A0 /* FeaturedArtistCell.swift */,
				80D58F7E248AE44F005392A0 /* FeaturedArtist.xib */,
				3E379999248963EB00DC0487 /* ArtistCell.swift */,
				80142DB0248ABB6C002C928C /* ExploreArtistCell.swift */,
			);
			path = Views;
			sourceTree = "<group>";
		};
		3E43F473247E8FC900CC0584 /* Storyboards */ = {
			isa = PBXGroup;
			children = (
				3E43F46D247E8EA200CC0584 /* MainView.storyboard */,
				3E43F46F247E8F6400CC0584 /* LoginView.storyboard */,
				BEDF3FC8248533B000D22E2D /* MessageView.storyboard */,
				80142DAE248AB85F002C928C /* ExploreView.storyboard */,
				3E75433A2490027500383D02 /* OnboardingView.storyboard */,
			);
			path = Storyboards;
			sourceTree = "<group>";
		};
		3E43F47A247E90D800CC0584 /* Extensions */ = {
			isa = PBXGroup;
			children = (
				3E43F474247E909A00CC0584 /* ShowAlert.swift */,
				3E43F476247E90B700CC0584 /* DateFormatter.swift */,
				3E43F478247E90CA00CC0584 /* Navigation.swift */,
				80C375B424819DE600152996 /* Designable.swift */,
			);
			path = Extensions;
			sourceTree = "<group>";
		};
		3E43F47D247E97C300CC0584 /* Models */ = {
			isa = PBXGroup;
			children = (
				3E43F47E247E97FF00CC0584 /* Artist.swift */,
				3E7C53D4248AC614001974DB /* TagsInfoModels.swift */,
				3E43F48A247E9A7C00CC0584 /* Posts.swift */,
				3E43F482247E983300CC0584 /* FavoriteArtist.swift */,
				3E43F484247E985700CC0584 /* LoginViewViewModel.swift */,
				3E43F486247E999900CC0584 /* Comment.swift */,
				3E43F488247E99B000CC0584 /* Review.swift */,
				BEDF3FCC2485349A00D22E2D /* Chat.swift */,
				BEDF3FCE248534A600D22E2D /* Message.swift */,
			);
			path = Models;
			sourceTree = "<group>";
		};
		80CFF8D6D99775C527BCAFD7 /* Pods */ = {
			isa = PBXGroup;
			children = (
				5EDC17E70E02A5BD32363172 /* Pods-InTune.debug.xcconfig */,
				7ECE2C0DAA7CB05F80888C31 /* Pods-InTune.release.xcconfig */,
				9BE6182879AA5607E95E84A9 /* Pods-InTuneTests.debug.xcconfig */,
				360258238F4D075A6CA65630 /* Pods-InTuneTests.release.xcconfig */,
			);
			path = Pods;
			sourceTree = "<group>";
		};
/* End PBXGroup section */

/* Begin PBXNativeTarget section */
		3E43F433247D7B8600CC0584 /* InTune */ = {
			isa = PBXNativeTarget;
			buildConfigurationList = 3E43F453247D7B8D00CC0584 /* Build configuration list for PBXNativeTarget "InTune" */;
			buildPhases = (
				72ACC7D0E4E712BF542B3BB7 /* [CP] Check Pods Manifest.lock */,
				3E43F430247D7B8600CC0584 /* Sources */,
				3E43F431247D7B8600CC0584 /* Frameworks */,
				3E43F432247D7B8600CC0584 /* Resources */,
				A1243A3CE8926071F932DEE8 /* [CP] Embed Pods Frameworks */,
			);
			buildRules = (
			);
			dependencies = (
			);
			name = InTune;
			productName = InTune;
			productReference = 3E43F434247D7B8600CC0584 /* InTune.app */;
			productType = "com.apple.product-type.application";
		};
		3E43F449247D7B8D00CC0584 /* InTuneTests */ = {
			isa = PBXNativeTarget;
			buildConfigurationList = 3E43F456247D7B8D00CC0584 /* Build configuration list for PBXNativeTarget "InTuneTests" */;
			buildPhases = (
				5AD6412ECC42688C56858421 /* [CP] Check Pods Manifest.lock */,
				3E43F446247D7B8D00CC0584 /* Sources */,
				3E43F447247D7B8D00CC0584 /* Frameworks */,
				3E43F448247D7B8D00CC0584 /* Resources */,
			);
			buildRules = (
			);
			dependencies = (
				3E43F44C247D7B8D00CC0584 /* PBXTargetDependency */,
			);
			name = InTuneTests;
			productName = InTuneTests;
			productReference = 3E43F44A247D7B8D00CC0584 /* InTuneTests.xctest */;
			productType = "com.apple.product-type.bundle.unit-test";
		};
/* End PBXNativeTarget section */

/* Begin PBXProject section */
		3E43F42C247D7B8500CC0584 /* Project object */ = {
			isa = PBXProject;
			attributes = {
				LastSwiftUpdateCheck = 1130;
				LastUpgradeCheck = 1130;
				ORGANIZATIONNAME = "Tiffany Obi";
				TargetAttributes = {
					3E43F433247D7B8600CC0584 = {
						CreatedOnToolsVersion = 11.3;
					};
					3E43F449247D7B8D00CC0584 = {
						CreatedOnToolsVersion = 11.3;
						TestTargetID = 3E43F433247D7B8600CC0584;
					};
				};
			};
			buildConfigurationList = 3E43F42F247D7B8600CC0584 /* Build configuration list for PBXProject "InTune" */;
			compatibilityVersion = "Xcode 9.3";
			developmentRegion = en;
			hasScannedForEncodings = 0;
			knownRegions = (
				en,
				Base,
			);
			mainGroup = 3E43F42B247D7B8500CC0584;
			productRefGroup = 3E43F435247D7B8600CC0584 /* Products */;
			projectDirPath = "";
			projectRoot = "";
			targets = (
				3E43F433247D7B8600CC0584 /* InTune */,
				3E43F449247D7B8D00CC0584 /* InTuneTests */,
			);
		};
/* End PBXProject section */

/* Begin PBXResourcesBuildPhase section */
		3E43F432247D7B8600CC0584 /* Resources */ = {
			isa = PBXResourcesBuildPhase;
			buildActionMask = 2147483647;
			files = (
				80D58F7F248AE44F005392A0 /* FeaturedArtist.xib in Resources */,
				3E43F444247D7B8D00CC0584 /* LaunchScreen.storyboard in Resources */,
				800D8998248843C300C3FB67 /* ChatsCell.xib in Resources */,
				80135C7E248026210038A0CC /* PostCell.xib in Resources */,
				3E75433B2490027500383D02 /* OnboardingView.storyboard in Resources */,
				3EA7E76F24888FD50092C03B /* ArtistCell.xib in Resources */,
				BEDF3FC9248533B000D22E2D /* MessageView.storyboard in Resources */,
				3E43F46E247E8EA200CC0584 /* MainView.storyboard in Resources */,
				3E43F441247D7B8D00CC0584 /* Assets.xcassets in Resources */,
				80142DAF248AB85F002C928C /* ExploreView.storyboard in Resources */,
				3E754302248EF06100383D02 /* TagCollectionViewCell.xib in Resources */,
				3E43F470247E8F6400CC0584 /* LoginView.storyboard in Resources */,
				3EE739022481C10B00C4C9D3 /* GoogleService-Info.plist in Resources */,
			);
			runOnlyForDeploymentPostprocessing = 0;
		};
		3E43F448247D7B8D00CC0584 /* Resources */ = {
			isa = PBXResourcesBuildPhase;
			buildActionMask = 2147483647;
			files = (
			);
			runOnlyForDeploymentPostprocessing = 0;
		};
/* End PBXResourcesBuildPhase section */

/* Begin PBXShellScriptBuildPhase section */
		5AD6412ECC42688C56858421 /* [CP] Check Pods Manifest.lock */ = {
			isa = PBXShellScriptBuildPhase;
			buildActionMask = 2147483647;
			files = (
			);
			inputFileListPaths = (
			);
			inputPaths = (
				"${PODS_PODFILE_DIR_PATH}/Podfile.lock",
				"${PODS_ROOT}/Manifest.lock",
			);
			name = "[CP] Check Pods Manifest.lock";
			outputFileListPaths = (
			);
			outputPaths = (
				"$(DERIVED_FILE_DIR)/Pods-InTuneTests-checkManifestLockResult.txt",
			);
			runOnlyForDeploymentPostprocessing = 0;
			shellPath = /bin/sh;
			shellScript = "diff \"${PODS_PODFILE_DIR_PATH}/Podfile.lock\" \"${PODS_ROOT}/Manifest.lock\" > /dev/null\nif [ $? != 0 ] ; then\n    # print error to STDERR\n    echo \"error: The sandbox is not in sync with the Podfile.lock. Run 'pod install' or update your CocoaPods installation.\" >&2\n    exit 1\nfi\n# This output is used by Xcode 'outputs' to avoid re-running this script phase.\necho \"SUCCESS\" > \"${SCRIPT_OUTPUT_FILE_0}\"\n";
			showEnvVarsInLog = 0;
		};
		72ACC7D0E4E712BF542B3BB7 /* [CP] Check Pods Manifest.lock */ = {
			isa = PBXShellScriptBuildPhase;
			buildActionMask = 2147483647;
			files = (
			);
			inputFileListPaths = (
			);
			inputPaths = (
				"${PODS_PODFILE_DIR_PATH}/Podfile.lock",
				"${PODS_ROOT}/Manifest.lock",
			);
			name = "[CP] Check Pods Manifest.lock";
			outputFileListPaths = (
			);
			outputPaths = (
				"$(DERIVED_FILE_DIR)/Pods-InTune-checkManifestLockResult.txt",
			);
			runOnlyForDeploymentPostprocessing = 0;
			shellPath = /bin/sh;
			shellScript = "diff \"${PODS_PODFILE_DIR_PATH}/Podfile.lock\" \"${PODS_ROOT}/Manifest.lock\" > /dev/null\nif [ $? != 0 ] ; then\n    # print error to STDERR\n    echo \"error: The sandbox is not in sync with the Podfile.lock. Run 'pod install' or update your CocoaPods installation.\" >&2\n    exit 1\nfi\n# This output is used by Xcode 'outputs' to avoid re-running this script phase.\necho \"SUCCESS\" > \"${SCRIPT_OUTPUT_FILE_0}\"\n";
			showEnvVarsInLog = 0;
		};
		A1243A3CE8926071F932DEE8 /* [CP] Embed Pods Frameworks */ = {
			isa = PBXShellScriptBuildPhase;
			buildActionMask = 2147483647;
			files = (
			);
			inputFileListPaths = (
				"${PODS_ROOT}/Target Support Files/Pods-InTune/Pods-InTune-frameworks-${CONFIGURATION}-input-files.xcfilelist",
			);
			name = "[CP] Embed Pods Frameworks";
			outputFileListPaths = (
				"${PODS_ROOT}/Target Support Files/Pods-InTune/Pods-InTune-frameworks-${CONFIGURATION}-output-files.xcfilelist",
			);
			runOnlyForDeploymentPostprocessing = 0;
			shellPath = /bin/sh;
			shellScript = "\"${PODS_ROOT}/Target Support Files/Pods-InTune/Pods-InTune-frameworks.sh\"\n";
			showEnvVarsInLog = 0;
		};
/* End PBXShellScriptBuildPhase section */

/* Begin PBXSourcesBuildPhase section */
		3E43F430247D7B8600CC0584 /* Sources */ = {
			isa = PBXSourcesBuildPhase;
			buildActionMask = 2147483647;
			files = (
				3E43F45F247E846400CC0584 /* ProfileViewController.swift in Sources */,
				3E43F48B247E9A7C00CC0584 /* Posts.swift in Sources */,
				3E37999A248963EB00DC0487 /* ArtistCell.swift in Sources */,
				BEDF3FD12485354B00D22E2D /* ChatViewController.swift in Sources */,
				BEDF3FCF248534A600D22E2D /* Message.swift in Sources */,
				3E43F493247E9B3F00CC0584 /* ExtraController2.swift in Sources */,
				3E43F489247E99B000CC0584 /* Review.swift in Sources */,
				BEDF3FCB248533D400D22E2D /* ChatsViewController.swift in Sources */,
				80C375B724819E3F00152996 /* TagCollectionViewCell.swift in Sources */,
				3E43F483247E983300CC0584 /* FavoriteArtist.swift in Sources */,
				80135C80248027630038A0CC /* PostCell.swift in Sources */,
				3E43F466247E857900CC0584 /* EmptyView.swift in Sources */,
				3E43F463247E84DA00CC0584 /* MainViewTabBarController.swift in Sources */,
				3E43F461247E849700CC0584 /* EditProfController.swift in Sources */,
				80C375B524819DE600152996 /* Designable.swift in Sources */,
				3E43F45B247E83DE00CC0584 /* LoginViewController.swift in Sources */,
				3E43F43C247D7B8600CC0584 /* ExploreViewController.swift in Sources */,
				3E7C53D5248AC614001974DB /* TagsInfoModels.swift in Sources */,
				3E75433D24900C1300383D02 /* DisplayNameAndLocationView.swift in Sources */,
				3E43F491247E9B2400CC0584 /* LikedArtistsViewController.swift in Sources */,
				3E43F438247D7B8600CC0584 /* AppDelegate.swift in Sources */,
				3E43F472247E8FAE00CC0584 /* OnboardingViewController.swift in Sources */,
				800D899A248843F500C3FB67 /* ChatsCell.swift in Sources */,
				3E43F43A247D7B8600CC0584 /* SceneDelegate.swift in Sources */,
				80142DB1248ABB6C002C928C /* ExploreArtistCell.swift in Sources */,
				80135C8224805C0F0038A0CC /* StorageService.swift in Sources */,
				3E43F468247E8DD100CC0584 /* AuthentificationService.swift in Sources */,
				3E43F485247E985700CC0584 /* LoginViewViewModel.swift in Sources */,
				3E43F477247E90B700CC0584 /* DateFormatter.swift in Sources */,
				3E43F475247E909A00CC0584 /* ShowAlert.swift in Sources */,
				3E43F487247E999A00CC0584 /* Comment.swift in Sources */,
				3E43F48D247E9AF800CC0584 /* LikedArtistView.swift in Sources */,
				80E3D260248EC649002F3FA7 /* PostCollectionViewDelegate.swift in Sources */,
				80D58F81248AE7E8005392A0 /* FeaturedArtistCell.swift in Sources */,
				BEDF3FCD2485349A00D22E2D /* Chat.swift in Sources */,
				3E43F479247E90CA00CC0584 /* Navigation.swift in Sources */,
				3E43F45D247E844B00CC0584 /* GigViewController.swift in Sources */,
				3E43F47F247E97FF00CC0584 /* Artist.swift in Sources */,
				3E754304248FD0C600383D02 /* UserExperienceView.swift in Sources */,
				3E43F46A247E8DE800CC0584 /* DatabaseService.swift in Sources */,
			);
			runOnlyForDeploymentPostprocessing = 0;
		};
		3E43F446247D7B8D00CC0584 /* Sources */ = {
			isa = PBXSourcesBuildPhase;
			buildActionMask = 2147483647;
			files = (
				3EE738FE2481A91800C4C9D3 /* FirebaseAuthenticationTests.swift in Sources */,
				3E43F44F247D7B8D00CC0584 /* InTuneTests.swift in Sources */,
			);
			runOnlyForDeploymentPostprocessing = 0;
		};
/* End PBXSourcesBuildPhase section */

/* Begin PBXTargetDependency section */
		3E43F44C247D7B8D00CC0584 /* PBXTargetDependency */ = {
			isa = PBXTargetDependency;
			target = 3E43F433247D7B8600CC0584 /* InTune */;
			targetProxy = 3E43F44B247D7B8D00CC0584 /* PBXContainerItemProxy */;
		};
/* End PBXTargetDependency section */

/* Begin PBXVariantGroup section */
		3E43F442247D7B8D00CC0584 /* LaunchScreen.storyboard */ = {
			isa = PBXVariantGroup;
			children = (
				3E43F443247D7B8D00CC0584 /* Base */,
			);
			name = LaunchScreen.storyboard;
			sourceTree = "<group>";
		};
/* End PBXVariantGroup section */

/* Begin XCBuildConfiguration section */
		3E43F451247D7B8D00CC0584 /* Debug */ = {
			isa = XCBuildConfiguration;
			buildSettings = {
				ALWAYS_SEARCH_USER_PATHS = NO;
				CLANG_ANALYZER_NONNULL = YES;
				CLANG_ANALYZER_NUMBER_OBJECT_CONVERSION = YES_AGGRESSIVE;
				CLANG_CXX_LANGUAGE_STANDARD = "gnu++14";
				CLANG_CXX_LIBRARY = "libc++";
				CLANG_ENABLE_MODULES = YES;
				CLANG_ENABLE_OBJC_ARC = YES;
				CLANG_ENABLE_OBJC_WEAK = YES;
				CLANG_WARN_BLOCK_CAPTURE_AUTORELEASING = YES;
				CLANG_WARN_BOOL_CONVERSION = YES;
				CLANG_WARN_COMMA = YES;
				CLANG_WARN_CONSTANT_CONVERSION = YES;
				CLANG_WARN_DEPRECATED_OBJC_IMPLEMENTATIONS = YES;
				CLANG_WARN_DIRECT_OBJC_ISA_USAGE = YES_ERROR;
				CLANG_WARN_DOCUMENTATION_COMMENTS = YES;
				CLANG_WARN_EMPTY_BODY = YES;
				CLANG_WARN_ENUM_CONVERSION = YES;
				CLANG_WARN_INFINITE_RECURSION = YES;
				CLANG_WARN_INT_CONVERSION = YES;
				CLANG_WARN_NON_LITERAL_NULL_CONVERSION = YES;
				CLANG_WARN_OBJC_IMPLICIT_RETAIN_SELF = YES;
				CLANG_WARN_OBJC_LITERAL_CONVERSION = YES;
				CLANG_WARN_OBJC_ROOT_CLASS = YES_ERROR;
				CLANG_WARN_RANGE_LOOP_ANALYSIS = YES;
				CLANG_WARN_STRICT_PROTOTYPES = YES;
				CLANG_WARN_SUSPICIOUS_MOVE = YES;
				CLANG_WARN_UNGUARDED_AVAILABILITY = YES_AGGRESSIVE;
				CLANG_WARN_UNREACHABLE_CODE = YES;
				CLANG_WARN__DUPLICATE_METHOD_MATCH = YES;
				COPY_PHASE_STRIP = NO;
				DEBUG_INFORMATION_FORMAT = dwarf;
				ENABLE_STRICT_OBJC_MSGSEND = YES;
				ENABLE_TESTABILITY = YES;
				GCC_C_LANGUAGE_STANDARD = gnu11;
				GCC_DYNAMIC_NO_PIC = NO;
				GCC_NO_COMMON_BLOCKS = YES;
				GCC_OPTIMIZATION_LEVEL = 0;
				GCC_PREPROCESSOR_DEFINITIONS = (
					"DEBUG=1",
					"$(inherited)",
				);
				GCC_WARN_64_TO_32_BIT_CONVERSION = YES;
				GCC_WARN_ABOUT_RETURN_TYPE = YES_ERROR;
				GCC_WARN_UNDECLARED_SELECTOR = YES;
				GCC_WARN_UNINITIALIZED_AUTOS = YES_AGGRESSIVE;
				GCC_WARN_UNUSED_FUNCTION = YES;
				GCC_WARN_UNUSED_VARIABLE = YES;
				IPHONEOS_DEPLOYMENT_TARGET = 13.2;
				MTL_ENABLE_DEBUG_INFO = INCLUDE_SOURCE;
				MTL_FAST_MATH = YES;
				ONLY_ACTIVE_ARCH = YES;
				SDKROOT = iphoneos;
				SWIFT_ACTIVE_COMPILATION_CONDITIONS = DEBUG;
				SWIFT_OPTIMIZATION_LEVEL = "-Onone";
			};
			name = Debug;
		};
		3E43F452247D7B8D00CC0584 /* Release */ = {
			isa = XCBuildConfiguration;
			buildSettings = {
				ALWAYS_SEARCH_USER_PATHS = NO;
				CLANG_ANALYZER_NONNULL = YES;
				CLANG_ANALYZER_NUMBER_OBJECT_CONVERSION = YES_AGGRESSIVE;
				CLANG_CXX_LANGUAGE_STANDARD = "gnu++14";
				CLANG_CXX_LIBRARY = "libc++";
				CLANG_ENABLE_MODULES = YES;
				CLANG_ENABLE_OBJC_ARC = YES;
				CLANG_ENABLE_OBJC_WEAK = YES;
				CLANG_WARN_BLOCK_CAPTURE_AUTORELEASING = YES;
				CLANG_WARN_BOOL_CONVERSION = YES;
				CLANG_WARN_COMMA = YES;
				CLANG_WARN_CONSTANT_CONVERSION = YES;
				CLANG_WARN_DEPRECATED_OBJC_IMPLEMENTATIONS = YES;
				CLANG_WARN_DIRECT_OBJC_ISA_USAGE = YES_ERROR;
				CLANG_WARN_DOCUMENTATION_COMMENTS = YES;
				CLANG_WARN_EMPTY_BODY = YES;
				CLANG_WARN_ENUM_CONVERSION = YES;
				CLANG_WARN_INFINITE_RECURSION = YES;
				CLANG_WARN_INT_CONVERSION = YES;
				CLANG_WARN_NON_LITERAL_NULL_CONVERSION = YES;
				CLANG_WARN_OBJC_IMPLICIT_RETAIN_SELF = YES;
				CLANG_WARN_OBJC_LITERAL_CONVERSION = YES;
				CLANG_WARN_OBJC_ROOT_CLASS = YES_ERROR;
				CLANG_WARN_RANGE_LOOP_ANALYSIS = YES;
				CLANG_WARN_STRICT_PROTOTYPES = YES;
				CLANG_WARN_SUSPICIOUS_MOVE = YES;
				CLANG_WARN_UNGUARDED_AVAILABILITY = YES_AGGRESSIVE;
				CLANG_WARN_UNREACHABLE_CODE = YES;
				CLANG_WARN__DUPLICATE_METHOD_MATCH = YES;
				COPY_PHASE_STRIP = NO;
				DEBUG_INFORMATION_FORMAT = "dwarf-with-dsym";
				ENABLE_NS_ASSERTIONS = NO;
				ENABLE_STRICT_OBJC_MSGSEND = YES;
				GCC_C_LANGUAGE_STANDARD = gnu11;
				GCC_NO_COMMON_BLOCKS = YES;
				GCC_WARN_64_TO_32_BIT_CONVERSION = YES;
				GCC_WARN_ABOUT_RETURN_TYPE = YES_ERROR;
				GCC_WARN_UNDECLARED_SELECTOR = YES;
				GCC_WARN_UNINITIALIZED_AUTOS = YES_AGGRESSIVE;
				GCC_WARN_UNUSED_FUNCTION = YES;
				GCC_WARN_UNUSED_VARIABLE = YES;
				IPHONEOS_DEPLOYMENT_TARGET = 13.2;
				MTL_ENABLE_DEBUG_INFO = NO;
				MTL_FAST_MATH = YES;
				SDKROOT = iphoneos;
				SWIFT_COMPILATION_MODE = wholemodule;
				SWIFT_OPTIMIZATION_LEVEL = "-O";
				VALIDATE_PRODUCT = YES;
			};
			name = Release;
		};
		3E43F454247D7B8D00CC0584 /* Debug */ = {
			isa = XCBuildConfiguration;
			baseConfigurationReference = 5EDC17E70E02A5BD32363172 /* Pods-InTune.debug.xcconfig */;
			buildSettings = {
				ASSETCATALOG_COMPILER_APPICON_NAME = AppIcon;
				CODE_SIGN_STYLE = Automatic;
				DEVELOPMENT_TEAM = 26RHXP32FH;
				INFOPLIST_FILE = InTune/Info.plist;
				IPHONEOS_DEPLOYMENT_TARGET = 13.0;
				LD_RUNPATH_SEARCH_PATHS = (
					"$(inherited)",
					"@executable_path/Frameworks",
				);
				PRODUCT_BUNDLE_IDENTIFIER = org.tiffanyobi.InTune;
				PRODUCT_NAME = "$(TARGET_NAME)";
				SWIFT_VERSION = 5.0;
				TARGETED_DEVICE_FAMILY = "1,2";
			};
			name = Debug;
		};
		3E43F455247D7B8D00CC0584 /* Release */ = {
			isa = XCBuildConfiguration;
			baseConfigurationReference = 7ECE2C0DAA7CB05F80888C31 /* Pods-InTune.release.xcconfig */;
			buildSettings = {
				ASSETCATALOG_COMPILER_APPICON_NAME = AppIcon;
				CODE_SIGN_STYLE = Automatic;
				DEVELOPMENT_TEAM = 26RHXP32FH;
				INFOPLIST_FILE = InTune/Info.plist;
				IPHONEOS_DEPLOYMENT_TARGET = 13.0;
				LD_RUNPATH_SEARCH_PATHS = (
					"$(inherited)",
					"@executable_path/Frameworks",
				);
				PRODUCT_BUNDLE_IDENTIFIER = org.tiffanyobi.InTune;
				PRODUCT_NAME = "$(TARGET_NAME)";
				SWIFT_VERSION = 5.0;
				TARGETED_DEVICE_FAMILY = "1,2";
			};
			name = Release;
		};
		3E43F457247D7B8D00CC0584 /* Debug */ = {
			isa = XCBuildConfiguration;
			baseConfigurationReference = 9BE6182879AA5607E95E84A9 /* Pods-InTuneTests.debug.xcconfig */;
			buildSettings = {
				ALWAYS_EMBED_SWIFT_STANDARD_LIBRARIES = YES;
				BUNDLE_LOADER = "$(TEST_HOST)";
				CODE_SIGN_STYLE = Automatic;
				DEVELOPMENT_TEAM = 26RHXP32FH;
				INFOPLIST_FILE = InTuneTests/Info.plist;
				IPHONEOS_DEPLOYMENT_TARGET = 13.2;
				LD_RUNPATH_SEARCH_PATHS = (
					"$(inherited)",
					"@executable_path/Frameworks",
					"@loader_path/Frameworks",
				);
				PRODUCT_BUNDLE_IDENTIFIER = org.tiffanyobi.InTuneTests;
				PRODUCT_NAME = "$(TARGET_NAME)";
				SWIFT_VERSION = 5.0;
				TARGETED_DEVICE_FAMILY = "1,2";
				TEST_HOST = "$(BUILT_PRODUCTS_DIR)/InTune.app/InTune";
			};
			name = Debug;
		};
		3E43F458247D7B8D00CC0584 /* Release */ = {
			isa = XCBuildConfiguration;
			baseConfigurationReference = 360258238F4D075A6CA65630 /* Pods-InTuneTests.release.xcconfig */;
			buildSettings = {
				ALWAYS_EMBED_SWIFT_STANDARD_LIBRARIES = YES;
				BUNDLE_LOADER = "$(TEST_HOST)";
				CODE_SIGN_STYLE = Automatic;
				DEVELOPMENT_TEAM = 26RHXP32FH;
				INFOPLIST_FILE = InTuneTests/Info.plist;
				IPHONEOS_DEPLOYMENT_TARGET = 13.2;
				LD_RUNPATH_SEARCH_PATHS = (
					"$(inherited)",
					"@executable_path/Frameworks",
					"@loader_path/Frameworks",
				);
				PRODUCT_BUNDLE_IDENTIFIER = org.tiffanyobi.InTuneTests;
				PRODUCT_NAME = "$(TARGET_NAME)";
				SWIFT_VERSION = 5.0;
				TARGETED_DEVICE_FAMILY = "1,2";
				TEST_HOST = "$(BUILT_PRODUCTS_DIR)/InTune.app/InTune";
			};
			name = Release;
		};
/* End XCBuildConfiguration section */

/* Begin XCConfigurationList section */
		3E43F42F247D7B8600CC0584 /* Build configuration list for PBXProject "InTune" */ = {
			isa = XCConfigurationList;
			buildConfigurations = (
				3E43F451247D7B8D00CC0584 /* Debug */,
				3E43F452247D7B8D00CC0584 /* Release */,
			);
			defaultConfigurationIsVisible = 0;
			defaultConfigurationName = Release;
		};
		3E43F453247D7B8D00CC0584 /* Build configuration list for PBXNativeTarget "InTune" */ = {
			isa = XCConfigurationList;
			buildConfigurations = (
				3E43F454247D7B8D00CC0584 /* Debug */,
				3E43F455247D7B8D00CC0584 /* Release */,
			);
			defaultConfigurationIsVisible = 0;
			defaultConfigurationName = Release;
		};
		3E43F456247D7B8D00CC0584 /* Build configuration list for PBXNativeTarget "InTuneTests" */ = {
			isa = XCConfigurationList;
			buildConfigurations = (
				3E43F457247D7B8D00CC0584 /* Debug */,
				3E43F458247D7B8D00CC0584 /* Release */,
			);
			defaultConfigurationIsVisible = 0;
			defaultConfigurationName = Release;
		};
/* End XCConfigurationList section */
	};
	rootObject = 3E43F42C247D7B8500CC0584 /* Project object */;
}
